
Microsoft Visual Studio Solution File, Format Version 12.00
# Visual Studio Version 17
VisualStudioVersion = 17.5.2.0
MinimumVisualStudioVersion = 10.0.40219.1
Project("{FAE04EC0-301F-11D3-BF4B-00C04F79EFBC}") = "WeatherApp", "WeatherApp\WeatherApp.csproj", "{0CAE82B3-309E-875F-41D9-B4EE1C778317}"
EndProject
Project("{FAE04EC0-301F-11D3-BF4B-00C04F79EFBC}") = "WeatherAppTests", "WeatherAppTests\WeatherAppTests.csproj", "{7D9CE2BD-6786-4ED8-ACE6-5920A8181807}"
EndProject
Global
	GlobalSection(SolutionConfigurationPlatforms) = preSolution
		Debug|Any CPU = Debug|Any CPU
		Debug|x64 = Debug|x64
		Debug|x86 = Debug|x86
		Release|Any CPU = Release|Any CPU
		Release|x64 = Release|x64
		Release|x86 = Release|x86
	EndGlobalSection
	GlobalSection(ProjectConfigurationPlatforms) = postSolution
		{0CAE82B3-309E-875F-41D9-B4EE1C778317}.Debug|Any CPU.ActiveCfg = Debug|Any CPU
		{0CAE82B3-309E-875F-41D9-B4EE1C778317}.Debug|Any CPU.Build.0 = Debug|Any CPU
		{0CAE82B3-309E-875F-41D9-B4EE1C778317}.Debug|x64.ActiveCfg = Debug|Any CPU
		{0CAE82B3-309E-875F-41D9-B4EE1C778317}.Debug|x64.Build.0 = Debug|Any CPU
		{0CAE82B3-309E-875F-41D9-B4EE1C778317}.Debug|x86.ActiveCfg = Debug|Any CPU
		{0CAE82B3-309E-875F-41D9-B4EE1C778317}.Debug|x86.Build.0 = Debug|Any CPU
		{0CAE82B3-309E-875F-41D9-B4EE1C778317}.Release|Any CPU.ActiveCfg = Release|Any CPU
		{0CAE82B3-309E-875F-41D9-B4EE1C778317}.Release|Any CPU.Build.0 = Release|Any CPU
		{0CAE82B3-309E-875F-41D9-B4EE1C778317}.Release|x64.ActiveCfg = Release|Any CPU
		{0CAE82B3-309E-875F-41D9-B4EE1C778317}.Release|x64.Build.0 = Release|Any CPU
		{0CAE82B3-309E-875F-41D9-B4EE1C778317}.Release|x86.ActiveCfg = Release|Any CPU
		{0CAE82B3-309E-875F-41D9-B4EE1C778317}.Release|x86.Build.0 = Release|Any CPU
		{7D9CE2BD-6786-4ED8-ACE6-5920A8181807}.Debug|Any CPU.ActiveCfg = Debug|Any CPU
		{7D9CE2BD-6786-4ED8-ACE6-5920A8181807}.Debug|Any CPU.Build.0 = Debug|Any CPU
		{7D9CE2BD-6786-4ED8-ACE6-5920A8181807}.Debug|x64.ActiveCfg = Debug|Any CPU
		{7D9CE2BD-6786-4ED8-ACE6-5920A8181807}.Debug|x64.Build.0 = Debug|Any CPU
		{7D9CE2BD-6786-4ED8-ACE6-5920A8181807}.Debug|x86.ActiveCfg = Debug|Any CPU
		{7D9CE2BD-6786-4ED8-ACE6-5920A8181807}.Debug|x86.Build.0 = Debug|Any CPU
		{7D9CE2BD-6786-4ED8-ACE6-5920A8181807}.Release|Any CPU.ActiveCfg = Release|Any CPU
		{7D9CE2BD-6786-4ED8-ACE6-5920A8181807}.Release|Any CPU.Build.0 = Release|Any CPU
		{7D9CE2BD-6786-4ED8-ACE6-5920A8181807}.Release|x64.ActiveCfg = Release|Any CPU
		{7D9CE2BD-6786-4ED8-ACE6-5920A8181807}.Release|x64.Build.0 = Release|Any CPU
		{7D9CE2BD-6786-4ED8-ACE6-5920A8181807}.Release|x86.ActiveCfg = Release|Any CPU
		{7D9CE2BD-6786-4ED8-ACE6-5920A8181807}.Release|x86.Build.0 = Release|Any CPU
	EndGlobalSection
	GlobalSection(SolutionProperties) = preSolution
		HideSolutionNode = FALSE
	EndGlobalSection
	GlobalSection(ExtensibilityGlobals) = postSolution
		SolutionGuid = {7332507E-BC2A-41FA-A639-F49A2F24E817}
	EndGlobalSection
EndGlobal
